// !$*UTF8*$!
{
	archiveVersion = 1;
	classes = {
	};
	objectVersion = 55;
	objects = {

/* Begin PBXBuildFile section */
		003F0AA028F3E83700855C0E /* AppDelegate.swift in Sources */ = {isa = PBXBuildFile; fileRef = 003F0A9F28F3E83700855C0E /* AppDelegate.swift */; };
		003F0AA228F3E83700855C0E /* SceneDelegate.swift in Sources */ = {isa = PBXBuildFile; fileRef = 003F0AA128F3E83700855C0E /* SceneDelegate.swift */; };
		003F0AA728F3E83700855C0E /* Main.storyboard in Resources */ = {isa = PBXBuildFile; fileRef = 003F0AA528F3E83700855C0E /* Main.storyboard */; };
		003F0AAA28F3E83700855C0E /* Instagram.xcdatamodeld in Sources */ = {isa = PBXBuildFile; fileRef = 003F0AA828F3E83700855C0E /* Instagram.xcdatamodeld */; };
		003F0AAC28F3E83800855C0E /* Assets.xcassets in Resources */ = {isa = PBXBuildFile; fileRef = 003F0AAB28F3E83800855C0E /* Assets.xcassets */; };
		003F0AAF28F3E83800855C0E /* LaunchScreen.storyboard in Resources */ = {isa = PBXBuildFile; fileRef = 003F0AAD28F3E83800855C0E /* LaunchScreen.storyboard */; };
		003F0ABA28F3E83800855C0E /* InstagramTests.swift in Sources */ = {isa = PBXBuildFile; fileRef = 003F0AB928F3E83800855C0E /* InstagramTests.swift */; };
		003F0AC428F3E83800855C0E /* InstagramUITests.swift in Sources */ = {isa = PBXBuildFile; fileRef = 003F0AC328F3E83800855C0E /* InstagramUITests.swift */; };
		003F0AC628F3E83800855C0E /* InstagramUITestsLaunchTests.swift in Sources */ = {isa = PBXBuildFile; fileRef = 003F0AC528F3E83800855C0E /* InstagramUITestsLaunchTests.swift */; };
		003F0AD428F3EB4A00855C0E /* ParseSwift in Frameworks */ = {isa = PBXBuildFile; productRef = 003F0AD328F3EB4A00855C0E /* ParseSwift */; };
		00D9D21728F4917100AA5FC1 /* LoginViewControlller.swift in Sources */ = {isa = PBXBuildFile; fileRef = 00D9D21628F4917100AA5FC1 /* LoginViewControlller.swift */; };
		00D9D21928F4918000AA5FC1 /* FeedViewController.swift in Sources */ = {isa = PBXBuildFile; fileRef = 00D9D21828F4918000AA5FC1 /* FeedViewController.swift */; };
		00D9D21B28F4CCB900AA5FC1 /* cameraViewController.swift in Sources */ = {isa = PBXBuildFile; fileRef = 00D9D21A28F4CCB900AA5FC1 /* cameraViewController.swift */; };
		00D9D21F28F53EB500AA5FC1 /* PostCell.swift in Sources */ = {isa = PBXBuildFile; fileRef = 00D9D21E28F53EB500AA5FC1 /* PostCell.swift */; };
		8D100C9F8BA9CA678343DF4A /* Pods_Instagram.framework in Frameworks */ = {isa = PBXBuildFile; fileRef = F1CB06A5EA0A51BA88ECFAC4 /* Pods_Instagram.framework */; };
		D93804916FFF9965A8FA25A8 /* Pods_Instagram_InstagramUITests.framework in Frameworks */ = {isa = PBXBuildFile; fileRef = 0BBDB4144FA347FC00100A13 /* Pods_Instagram_InstagramUITests.framework */; };
		F65C4B99EC9C7464DC46D43E /* Pods_InstagramTests.framework in Frameworks */ = {isa = PBXBuildFile; fileRef = F6DF88A0C2B431BA987A62B0 /* Pods_InstagramTests.framework */; };
/* End PBXBuildFile section */

/* Begin PBXContainerItemProxy section */
		003F0AB628F3E83800855C0E /* PBXContainerItemProxy */ = {
			isa = PBXContainerItemProxy;
			containerPortal = 003F0A9428F3E83700855C0E /* Project object */;
			proxyType = 1;
			remoteGlobalIDString = 003F0A9B28F3E83700855C0E;
			remoteInfo = Instagram;
		};
		003F0AC028F3E83800855C0E /* PBXContainerItemProxy */ = {
			isa = PBXContainerItemProxy;
			containerPortal = 003F0A9428F3E83700855C0E /* Project object */;
			proxyType = 1;
			remoteGlobalIDString = 003F0A9B28F3E83700855C0E;
			remoteInfo = Instagram;
		};
/* End PBXContainerItemProxy section */

/* Begin PBXFileReference section */
		003F0A9C28F3E83700855C0E /* Instagram.app */ = {isa = PBXFileReference; explicitFileType = wrapper.application; includeInIndex = 0; path = Instagram.app; sourceTree = BUILT_PRODUCTS_DIR; };
		003F0A9F28F3E83700855C0E /* AppDelegate.swift */ = {isa = PBXFileReference; lastKnownFileType = sourcecode.swift; path = AppDelegate.swift; sourceTree = "<group>"; };
		003F0AA128F3E83700855C0E /* SceneDelegate.swift */ = {isa = PBXFileReference; lastKnownFileType = sourcecode.swift; path = SceneDelegate.swift; sourceTree = "<group>"; };
		003F0AA628F3E83700855C0E /* Base */ = {isa = PBXFileReference; lastKnownFileType = file.storyboard; name = Base; path = Base.lproj/Main.storyboard; sourceTree = "<group>"; };
		003F0AA928F3E83700855C0E /* Instagram.xcdatamodel */ = {isa = PBXFileReference; lastKnownFileType = wrapper.xcdatamodel; path = Instagram.xcdatamodel; sourceTree = "<group>"; };
		003F0AAB28F3E83800855C0E /* Assets.xcassets */ = {isa = PBXFileReference; lastKnownFileType = folder.assetcatalog; path = Assets.xcassets; sourceTree = "<group>"; };
		003F0AAE28F3E83800855C0E /* Base */ = {isa = PBXFileReference; lastKnownFileType = file.storyboard; name = Base; path = Base.lproj/LaunchScreen.storyboard; sourceTree = "<group>"; };
		003F0AB028F3E83800855C0E /* Info.plist */ = {isa = PBXFileReference; lastKnownFileType = text.plist.xml; path = Info.plist; sourceTree = "<group>"; };
		003F0AB528F3E83800855C0E /* InstagramTests.xctest */ = {isa = PBXFileReference; explicitFileType = wrapper.cfbundle; includeInIndex = 0; path = InstagramTests.xctest; sourceTree = BUILT_PRODUCTS_DIR; };
		003F0AB928F3E83800855C0E /* InstagramTests.swift */ = {isa = PBXFileReference; lastKnownFileType = sourcecode.swift; path = InstagramTests.swift; sourceTree = "<group>"; };
		003F0ABF28F3E83800855C0E /* InstagramUITests.xctest */ = {isa = PBXFileReference; explicitFileType = wrapper.cfbundle; includeInIndex = 0; path = InstagramUITests.xctest; sourceTree = BUILT_PRODUCTS_DIR; };
		003F0AC328F3E83800855C0E /* InstagramUITests.swift */ = {isa = PBXFileReference; lastKnownFileType = sourcecode.swift; path = InstagramUITests.swift; sourceTree = "<group>"; };
		003F0AC528F3E83800855C0E /* InstagramUITestsLaunchTests.swift */ = {isa = PBXFileReference; lastKnownFileType = sourcecode.swift; path = InstagramUITestsLaunchTests.swift; sourceTree = "<group>"; };
		00D9D21628F4917100AA5FC1 /* LoginViewControlller.swift */ = {isa = PBXFileReference; lastKnownFileType = sourcecode.swift; path = LoginViewControlller.swift; sourceTree = "<group>"; };
		00D9D21828F4918000AA5FC1 /* FeedViewController.swift */ = {isa = PBXFileReference; lastKnownFileType = sourcecode.swift; path = FeedViewController.swift; sourceTree = "<group>"; };
		00D9D21A28F4CCB900AA5FC1 /* cameraViewController.swift */ = {isa = PBXFileReference; lastKnownFileType = sourcecode.swift; path = cameraViewController.swift; sourceTree = "<group>"; };
		00D9D21E28F53EB500AA5FC1 /* PostCell.swift */ = {isa = PBXFileReference; lastKnownFileType = sourcecode.swift; path = PostCell.swift; sourceTree = "<group>"; };
		0BBDB4144FA347FC00100A13 /* Pods_Instagram_InstagramUITests.framework */ = {isa = PBXFileReference; explicitFileType = wrapper.framework; includeInIndex = 0; path = Pods_Instagram_InstagramUITests.framework; sourceTree = BUILT_PRODUCTS_DIR; };
		53EB4B52264B312598F479AC /* Pods-InstagramTests.debug.xcconfig */ = {isa = PBXFileReference; includeInIndex = 1; lastKnownFileType = text.xcconfig; name = "Pods-InstagramTests.debug.xcconfig"; path = "Target Support Files/Pods-InstagramTests/Pods-InstagramTests.debug.xcconfig"; sourceTree = "<group>"; };
		6B0A4D0654E8229D2609E997 /* Pods-Instagram-InstagramUITests.debug.xcconfig */ = {isa = PBXFileReference; includeInIndex = 1; lastKnownFileType = text.xcconfig; name = "Pods-Instagram-InstagramUITests.debug.xcconfig"; path = "Target Support Files/Pods-Instagram-InstagramUITests/Pods-Instagram-InstagramUITests.debug.xcconfig"; sourceTree = "<group>"; };
		7B53D64A87336C39E7F1317F /* Pods-Instagram-InstagramUITests.release.xcconfig */ = {isa = PBXFileReference; includeInIndex = 1; lastKnownFileType = text.xcconfig; name = "Pods-Instagram-InstagramUITests.release.xcconfig"; path = "Target Support Files/Pods-Instagram-InstagramUITests/Pods-Instagram-InstagramUITests.release.xcconfig"; sourceTree = "<group>"; };
		8E4A96730826FFBEDCB644BE /* Pods-Instagram.debug.xcconfig */ = {isa = PBXFileReference; includeInIndex = 1; lastKnownFileType = text.xcconfig; name = "Pods-Instagram.debug.xcconfig"; path = "Target Support Files/Pods-Instagram/Pods-Instagram.debug.xcconfig"; sourceTree = "<group>"; };
		A173153377F91B3A5C431BDC /* Pods-Instagram.release.xcconfig */ = {isa = PBXFileReference; includeInIndex = 1; lastKnownFileType = text.xcconfig; name = "Pods-Instagram.release.xcconfig"; path = "Target Support Files/Pods-Instagram/Pods-Instagram.release.xcconfig"; sourceTree = "<group>"; };
		D96E5CD515C27A3502D5B996 /* Pods-InstagramTests.release.xcconfig */ = {isa = PBXFileReference; includeInIndex = 1; lastKnownFileType = text.xcconfig; name = "Pods-InstagramTests.release.xcconfig"; path = "Target Support Files/Pods-InstagramTests/Pods-InstagramTests.release.xcconfig"; sourceTree = "<group>"; };
		F1CB06A5EA0A51BA88ECFAC4 /* Pods_Instagram.framework */ = {isa = PBXFileReference; explicitFileType = wrapper.framework; includeInIndex = 0; path = Pods_Instagram.framework; sourceTree = BUILT_PRODUCTS_DIR; };
		F6DF88A0C2B431BA987A62B0 /* Pods_InstagramTests.framework */ = {isa = PBXFileReference; explicitFileType = wrapper.framework; includeInIndex = 0; path = Pods_InstagramTests.framework; sourceTree = BUILT_PRODUCTS_DIR; };
/* End PBXFileReference section */

/* Begin PBXFrameworksBuildPhase section */
		003F0A9928F3E83700855C0E /* Frameworks */ = {
			isa = PBXFrameworksBuildPhase;
			buildActionMask = 2147483647;
			files = (
				003F0AD428F3EB4A00855C0E /* ParseSwift in Frameworks */,
				8D100C9F8BA9CA678343DF4A /* Pods_Instagram.framework in Frameworks */,
			);
			runOnlyForDeploymentPostprocessing = 0;
		};
		003F0AB228F3E83800855C0E /* Frameworks */ = {
			isa = PBXFrameworksBuildPhase;
			buildActionMask = 2147483647;
			files = (
				F65C4B99EC9C7464DC46D43E /* Pods_InstagramTests.framework in Frameworks */,
			);
			runOnlyForDeploymentPostprocessing = 0;
		};
		003F0ABC28F3E83800855C0E /* Frameworks */ = {
			isa = PBXFrameworksBuildPhase;
			buildActionMask = 2147483647;
			files = (
				D93804916FFF9965A8FA25A8 /* Pods_Instagram_InstagramUITests.framework in Frameworks */,
			);
			runOnlyForDeploymentPostprocessing = 0;
		};
/* End PBXFrameworksBuildPhase section */

/* Begin PBXGroup section */
		003F0A9328F3E83700855C0E = {
			isa = PBXGroup;
			children = (
				003F0A9E28F3E83700855C0E /* Instagram */,
				003F0AB828F3E83800855C0E /* InstagramTests */,
				003F0AC228F3E83800855C0E /* InstagramUITests */,
				003F0A9D28F3E83700855C0E /* Products */,
				15A2387BB415BF34A9AE7A56 /* Pods */,
				59308A5F69109B8E4946B714 /* Frameworks */,
			);
			sourceTree = "<group>";
		};
		003F0A9D28F3E83700855C0E /* Products */ = {
			isa = PBXGroup;
			children = (
				003F0A9C28F3E83700855C0E /* Instagram.app */,
				003F0AB528F3E83800855C0E /* InstagramTests.xctest */,
				003F0ABF28F3E83800855C0E /* InstagramUITests.xctest */,
			);
			name = Products;
			sourceTree = "<group>";
		};
		003F0A9E28F3E83700855C0E /* Instagram */ = {
			isa = PBXGroup;
			children = (
				003F0A9F28F3E83700855C0E /* AppDelegate.swift */,
				003F0AA128F3E83700855C0E /* SceneDelegate.swift */,
				00D9D21628F4917100AA5FC1 /* LoginViewControlller.swift */,
				00D9D21A28F4CCB900AA5FC1 /* cameraViewController.swift */,
				00D9D21828F4918000AA5FC1 /* FeedViewController.swift */,
				003F0AA528F3E83700855C0E /* Main.storyboard */,
				003F0AAB28F3E83800855C0E /* Assets.xcassets */,
				003F0AAD28F3E83800855C0E /* LaunchScreen.storyboard */,
				003F0AB028F3E83800855C0E /* Info.plist */,
				003F0AA828F3E83700855C0E /* Instagram.xcdatamodeld */,
				00D9D21E28F53EB500AA5FC1 /* PostCell.swift */,
			);
			path = Instagram;
			sourceTree = "<group>";
		};
		003F0AB828F3E83800855C0E /* InstagramTests */ = {
			isa = PBXGroup;
			children = (
				003F0AB928F3E83800855C0E /* InstagramTests.swift */,
			);
			path = InstagramTests;
			sourceTree = "<group>";
		};
		003F0AC228F3E83800855C0E /* InstagramUITests */ = {
			isa = PBXGroup;
			children = (
				003F0AC328F3E83800855C0E /* InstagramUITests.swift */,
				003F0AC528F3E83800855C0E /* InstagramUITestsLaunchTests.swift */,
			);
			path = InstagramUITests;
			sourceTree = "<group>";
		};
		15A2387BB415BF34A9AE7A56 /* Pods */ = {
			isa = PBXGroup;
			children = (
				8E4A96730826FFBEDCB644BE /* Pods-Instagram.debug.xcconfig */,
				A173153377F91B3A5C431BDC /* Pods-Instagram.release.xcconfig */,
				6B0A4D0654E8229D2609E997 /* Pods-Instagram-InstagramUITests.debug.xcconfig */,
				7B53D64A87336C39E7F1317F /* Pods-Instagram-InstagramUITests.release.xcconfig */,
				53EB4B52264B312598F479AC /* Pods-InstagramTests.debug.xcconfig */,
				D96E5CD515C27A3502D5B996 /* Pods-InstagramTests.release.xcconfig */,
			);
			path = Pods;
			sourceTree = "<group>";
		};
		59308A5F69109B8E4946B714 /* Frameworks */ = {
			isa = PBXGroup;
			children = (
				F1CB06A5EA0A51BA88ECFAC4 /* Pods_Instagram.framework */,
				0BBDB4144FA347FC00100A13 /* Pods_Instagram_InstagramUITests.framework */,
				F6DF88A0C2B431BA987A62B0 /* Pods_InstagramTests.framework */,
			);
			name = Frameworks;
			sourceTree = "<group>";
		};
/* End PBXGroup section */

/* Begin PBXNativeTarget section */
		003F0A9B28F3E83700855C0E /* Instagram */ = {
			isa = PBXNativeTarget;
			buildConfigurationList = 003F0AC928F3E83800855C0E /* Build configuration list for PBXNativeTarget "Instagram" */;
			buildPhases = (
				197CF174F3CDCD3FE103DE0E /* [CP] Check Pods Manifest.lock */,
				003F0A9828F3E83700855C0E /* Sources */,
				003F0A9928F3E83700855C0E /* Frameworks */,
				003F0A9A28F3E83700855C0E /* Resources */,
				65F208AC9CBB944755A8C076 /* [CP] Embed Pods Frameworks */,
			);
			buildRules = (
			);
			dependencies = (
			);
			name = Instagram;
			packageProductDependencies = (
				003F0AD328F3EB4A00855C0E /* ParseSwift */,
			);
			productName = Instagram;
			productReference = 003F0A9C28F3E83700855C0E /* Instagram.app */;
			productType = "com.apple.product-type.application";
		};
		003F0AB428F3E83800855C0E /* InstagramTests */ = {
			isa = PBXNativeTarget;
			buildConfigurationList = 003F0ACC28F3E83800855C0E /* Build configuration list for PBXNativeTarget "InstagramTests" */;
			buildPhases = (
				3FD6392315AE2C99C0D2CD58 /* [CP] Check Pods Manifest.lock */,
				003F0AB128F3E83800855C0E /* Sources */,
				003F0AB228F3E83800855C0E /* Frameworks */,
				003F0AB328F3E83800855C0E /* Resources */,
			);
			buildRules = (
			);
			dependencies = (
				003F0AB728F3E83800855C0E /* PBXTargetDependency */,
			);
			name = InstagramTests;
			productName = InstagramTests;
			productReference = 003F0AB528F3E83800855C0E /* InstagramTests.xctest */;
			productType = "com.apple.product-type.bundle.unit-test";
		};
		003F0ABE28F3E83800855C0E /* InstagramUITests */ = {
			isa = PBXNativeTarget;
			buildConfigurationList = 003F0ACF28F3E83800855C0E /* Build configuration list for PBXNativeTarget "InstagramUITests" */;
			buildPhases = (
				9E4CBFBC719E131650E04728 /* [CP] Check Pods Manifest.lock */,
				003F0ABB28F3E83800855C0E /* Sources */,
				003F0ABC28F3E83800855C0E /* Frameworks */,
				003F0ABD28F3E83800855C0E /* Resources */,
				2FC398EC6CF58D979B6B84D1 /* [CP] Embed Pods Frameworks */,
			);
			buildRules = (
			);
			dependencies = (
				003F0AC128F3E83800855C0E /* PBXTargetDependency */,
			);
			name = InstagramUITests;
			productName = InstagramUITests;
			productReference = 003F0ABF28F3E83800855C0E /* InstagramUITests.xctest */;
			productType = "com.apple.product-type.bundle.ui-testing";
		};
/* End PBXNativeTarget section */

/* Begin PBXProject section */
		003F0A9428F3E83700855C0E /* Project object */ = {
			isa = PBXProject;
			attributes = {
				BuildIndependentTargetsInParallel = 1;
				LastSwiftUpdateCheck = 1400;
				LastUpgradeCheck = 1400;
				TargetAttributes = {
					003F0A9B28F3E83700855C0E = {
						CreatedOnToolsVersion = 14.0.1;
					};
					003F0AB428F3E83800855C0E = {
						CreatedOnToolsVersion = 14.0.1;
						TestTargetID = 003F0A9B28F3E83700855C0E;
					};
					003F0ABE28F3E83800855C0E = {
						CreatedOnToolsVersion = 14.0.1;
						TestTargetID = 003F0A9B28F3E83700855C0E;
					};
				};
			};
			buildConfigurationList = 003F0A9728F3E83700855C0E /* Build configuration list for PBXProject "Instagram" */;
			compatibilityVersion = "Xcode 13.0";
			developmentRegion = en;
			hasScannedForEncodings = 0;
			knownRegions = (
				en,
				Base,
			);
			mainGroup = 003F0A9328F3E83700855C0E;
			packageReferences = (
				003F0AD228F3EB4A00855C0E /* XCRemoteSwiftPackageReference "Parse-Swift" */,
			);
			productRefGroup = 003F0A9D28F3E83700855C0E /* Products */;
			projectDirPath = "";
			projectRoot = "";
			targets = (
				003F0A9B28F3E83700855C0E /* Instagram */,
				003F0AB428F3E83800855C0E /* InstagramTests */,
				003F0ABE28F3E83800855C0E /* InstagramUITests */,
			);
		};
/* End PBXProject section */

/* Begin PBXResourcesBuildPhase section */
		003F0A9A28F3E83700855C0E /* Resources */ = {
			isa = PBXResourcesBuildPhase;
			buildActionMask = 2147483647;
			files = (
				003F0AAF28F3E83800855C0E /* LaunchScreen.storyboard in Resources */,
				003F0AAC28F3E83800855C0E /* Assets.xcassets in Resources */,
				003F0AA728F3E83700855C0E /* Main.storyboard in Resources */,
			);
			runOnlyForDeploymentPostprocessing = 0;
		};
		003F0AB328F3E83800855C0E /* Resources */ = {
			isa = PBXResourcesBuildPhase;
			buildActionMask = 2147483647;
			files = (
			);
			runOnlyForDeploymentPostprocessing = 0;
		};
		003F0ABD28F3E83800855C0E /* Resources */ = {
			isa = PBXResourcesBuildPhase;
			buildActionMask = 2147483647;
			files = (
			);
			runOnlyForDeploymentPostprocessing = 0;
		};
/* End PBXResourcesBuildPhase section */

/* Begin PBXShellScriptBuildPhase section */
		197CF174F3CDCD3FE103DE0E /* [CP] Check Pods Manifest.lock */ = {
			isa = PBXShellScriptBuildPhase;
			buildActionMask = 2147483647;
			files = (
			);
			inputFileListPaths = (
			);
			inputPaths = (
				"${PODS_PODFILE_DIR_PATH}/Podfile.lock",
				"${PODS_ROOT}/Manifest.lock",
			);
			name = "[CP] Check Pods Manifest.lock";
			outputFileListPaths = (
			);
			outputPaths = (
				"$(DERIVED_FILE_DIR)/Pods-Instagram-checkManifestLockResult.txt",
			);
			runOnlyForDeploymentPostprocessing = 0;
			shellPath = /bin/sh;
			shellScript = "diff \"${PODS_PODFILE_DIR_PATH}/Podfile.lock\" \"${PODS_ROOT}/Manifest.lock\" > /dev/null\nif [ $? != 0 ] ; then\n    # print error to STDERR\n    echo \"error: The sandbox is not in sync with the Podfile.lock. Run 'pod install' or update your CocoaPods installation.\" >&2\n    exit 1\nfi\n# This output is used by Xcode 'outputs' to avoid re-running this script phase.\necho \"SUCCESS\" > \"${SCRIPT_OUTPUT_FILE_0}\"\n";
			showEnvVarsInLog = 0;
		};
		2FC398EC6CF58D979B6B84D1 /* [CP] Embed Pods Frameworks */ = {
			isa = PBXShellScriptBuildPhase;
			buildActionMask = 2147483647;
			files = (
			);
			inputFileListPaths = (
				"${PODS_ROOT}/Target Support Files/Pods-Instagram-InstagramUITests/Pods-Instagram-InstagramUITests-frameworks-${CONFIGURATION}-input-files.xcfilelist",
			);
			name = "[CP] Embed Pods Frameworks";
			outputFileListPaths = (
				"${PODS_ROOT}/Target Support Files/Pods-Instagram-InstagramUITests/Pods-Instagram-InstagramUITests-frameworks-${CONFIGURATION}-output-files.xcfilelist",
			);
			runOnlyForDeploymentPostprocessing = 0;
			shellPath = /bin/sh;
			shellScript = "\"${PODS_ROOT}/Target Support Files/Pods-Instagram-InstagramUITests/Pods-Instagram-InstagramUITests-frameworks.sh\"\n";
			showEnvVarsInLog = 0;
		};
		3FD6392315AE2C99C0D2CD58 /* [CP] Check Pods Manifest.lock */ = {
			isa = PBXShellScriptBuildPhase;
			buildActionMask = 2147483647;
			files = (
			);
			inputFileListPaths = (
			);
			inputPaths = (
				"${PODS_PODFILE_DIR_PATH}/Podfile.lock",
				"${PODS_ROOT}/Manifest.lock",
			);
			name = "[CP] Check Pods Manifest.lock";
			outputFileListPaths = (
			);
			outputPaths = (
				"$(DERIVED_FILE_DIR)/Pods-InstagramTests-checkManifestLockResult.txt",
			);
			runOnlyForDeploymentPostprocessing = 0;
			shellPath = /bin/sh;
			shellScript = "diff \"${PODS_PODFILE_DIR_PATH}/Podfile.lock\" \"${PODS_ROOT}/Manifest.lock\" > /dev/null\nif [ $? != 0 ] ; then\n    # print error to STDERR\n    echo \"error: The sandbox is not in sync with the Podfile.lock. Run 'pod install' or update your CocoaPods installation.\" >&2\n    exit 1\nfi\n# This output is used by Xcode 'outputs' to avoid re-running this script phase.\necho \"SUCCESS\" > \"${SCRIPT_OUTPUT_FILE_0}\"\n";
			showEnvVarsInLog = 0;
		};
		65F208AC9CBB944755A8C076 /* [CP] Embed Pods Frameworks */ = {
			isa = PBXShellScriptBuildPhase;
			buildActionMask = 2147483647;
			files = (
			);
			inputFileListPaths = (
				"${PODS_ROOT}/Target Support Files/Pods-Instagram/Pods-Instagram-frameworks-${CONFIGURATION}-input-files.xcfilelist",
			);
			name = "[CP] Embed Pods Frameworks";
			outputFileListPaths = (
				"${PODS_ROOT}/Target Support Files/Pods-Instagram/Pods-Instagram-frameworks-${CONFIGURATION}-output-files.xcfilelist",
			);
			runOnlyForDeploymentPostprocessing = 0;
			shellPath = /bin/sh;
			shellScript = "\"${PODS_ROOT}/Target Support Files/Pods-Instagram/Pods-Instagram-frameworks.sh\"\n";
			showEnvVarsInLog = 0;
		};
		9E4CBFBC719E131650E04728 /* [CP] Check Pods Manifest.lock */ = {
			isa = PBXShellScriptBuildPhase;
			buildActionMask = 2147483647;
			files = (
			);
			inputFileListPaths = (
			);
			inputPaths = (
				"${PODS_PODFILE_DIR_PATH}/Podfile.lock",
				"${PODS_ROOT}/Manifest.lock",
			);
			name = "[CP] Check Pods Manifest.lock";
			outputFileListPaths = (
			);
			outputPaths = (
				"$(DERIVED_FILE_DIR)/Pods-Instagram-InstagramUITests-checkManifestLockResult.txt",
			);
			runOnlyForDeploymentPostprocessing = 0;
			shellPath = /bin/sh;
			shellScript = "diff \"${PODS_PODFILE_DIR_PATH}/Podfile.lock\" \"${PODS_ROOT}/Manifest.lock\" > /dev/null\nif [ $? != 0 ] ; then\n    # print error to STDERR\n    echo \"error: The sandbox is not in sync with the Podfile.lock. Run 'pod install' or update your CocoaPods installation.\" >&2\n    exit 1\nfi\n# This output is used by Xcode 'outputs' to avoid re-running this script phase.\necho \"SUCCESS\" > \"${SCRIPT_OUTPUT_FILE_0}\"\n";
			showEnvVarsInLog = 0;
		};
/* End PBXShellScriptBuildPhase section */

/* Begin PBXSourcesBuildPhase section */
		003F0A9828F3E83700855C0E /* Sources */ = {
			isa = PBXSourcesBuildPhase;
			buildActionMask = 2147483647;
			files = (
				00D9D21F28F53EB500AA5FC1 /* PostCell.swift in Sources */,
				003F0AAA28F3E83700855C0E /* Instagram.xcdatamodeld in Sources */,
				00D9D21B28F4CCB900AA5FC1 /* cameraViewController.swift in Sources */,
				00D9D21728F4917100AA5FC1 /* LoginViewControlller.swift in Sources */,
				00D9D21928F4918000AA5FC1 /* FeedViewController.swift in Sources */,
				003F0AA028F3E83700855C0E /* AppDelegate.swift in Sources */,
				003F0AA228F3E83700855C0E /* SceneDelegate.swift in Sources */,
			);
			runOnlyForDeploymentPostprocessing = 0;
		};
		003F0AB128F3E83800855C0E /* Sources */ = {
			isa = PBXSourcesBuildPhase;
			buildActionMask = 2147483647;
			files = (
				003F0ABA28F3E83800855C0E /* InstagramTests.swift in Sources */,
			);
			runOnlyForDeploymentPostprocessing = 0;
		};
		003F0ABB28F3E83800855C0E /* Sources */ = {
			isa = PBXSourcesBuildPhase;
			buildActionMask = 2147483647;
			files = (
				003F0AC428F3E83800855C0E /* InstagramUITests.swift in Sources */,
				003F0AC628F3E83800855C0E /* InstagramUITestsLaunchTests.swift in Sources */,
			);
			runOnlyForDeploymentPostprocessing = 0;
		};
/* End PBXSourcesBuildPhase section */

/* Begin PBXTargetDependency section */
		003F0AB728F3E83800855C0E /* PBXTargetDependency */ = {
			isa = PBXTargetDependency;
			target = 003F0A9B28F3E83700855C0E /* Instagram */;
			targetProxy = 003F0AB628F3E83800855C0E /* PBXContainerItemProxy */;
		};
		003F0AC128F3E83800855C0E /* PBXTargetDependency */ = {
			isa = PBXTargetDependency;
			target = 003F0A9B28F3E83700855C0E /* Instagram */;
			targetProxy = 003F0AC028F3E83800855C0E /* PBXContainerItemProxy */;
		};
/* End PBXTargetDependency section */

/* Begin PBXVariantGroup section */
		003F0AA528F3E83700855C0E /* Main.storyboard */ = {
			isa = PBXVariantGroup;
			children = (
				003F0AA628F3E83700855C0E /* Base */,
			);
			name = Main.storyboard;
			sourceTree = "<group>";
		};
		003F0AAD28F3E83800855C0E /* LaunchScreen.storyboard */ = {
			isa = PBXVariantGroup;
			children = (
				003F0AAE28F3E83800855C0E /* Base */,
			);
			name = LaunchScreen.storyboard;
			sourceTree = "<group>";
		};
/* End PBXVariantGroup section */

/* Begin XCBuildConfiguration section */
		003F0AC728F3E83800855C0E /* Debug */ = {
			isa = XCBuildConfiguration;
			buildSettings = {
				ALWAYS_SEARCH_USER_PATHS = NO;
				CLANG_ANALYZER_NONNULL = YES;
				CLANG_ANALYZER_NUMBER_OBJECT_CONVERSION = YES_AGGRESSIVE;
				CLANG_CXX_LANGUAGE_STANDARD = "gnu++20";
				CLANG_ENABLE_MODULES = YES;
				CLANG_ENABLE_OBJC_ARC = YES;
				CLANG_ENABLE_OBJC_WEAK = YES;
				CLANG_WARN_BLOCK_CAPTURE_AUTORELEASING = YES;
				CLANG_WARN_BOOL_CONVERSION = YES;
				CLANG_WARN_COMMA = YES;
				CLANG_WARN_CONSTANT_CONVERSION = YES;
				CLANG_WARN_DEPRECATED_OBJC_IMPLEMENTATIONS = YES;
				CLANG_WARN_DIRECT_OBJC_ISA_USAGE = YES_ERROR;
				CLANG_WARN_DOCUMENTATION_COMMENTS = YES;
				CLANG_WARN_EMPTY_BODY = YES;
				CLANG_WARN_ENUM_CONVERSION = YES;
				CLANG_WARN_INFINITE_RECURSION = YES;
				CLANG_WARN_INT_CONVERSION = YES;
				CLANG_WARN_NON_LITERAL_NULL_CONVERSION = YES;
				CLANG_WARN_OBJC_IMPLICIT_RETAIN_SELF = YES;
				CLANG_WARN_OBJC_LITERAL_CONVERSION = YES;
				CLANG_WARN_OBJC_ROOT_CLASS = YES_ERROR;
				CLANG_WARN_QUOTED_INCLUDE_IN_FRAMEWORK_HEADER = YES;
				CLANG_WARN_RANGE_LOOP_ANALYSIS = YES;
				CLANG_WARN_STRICT_PROTOTYPES = YES;
				CLANG_WARN_SUSPICIOUS_MOVE = YES;
				CLANG_WARN_UNGUARDED_AVAILABILITY = YES_AGGRESSIVE;
				CLANG_WARN_UNREACHABLE_CODE = YES;
				CLANG_WARN__DUPLICATE_METHOD_MATCH = YES;
				COPY_PHASE_STRIP = NO;
				DEBUG_INFORMATION_FORMAT = dwarf;
				ENABLE_STRICT_OBJC_MSGSEND = YES;
				ENABLE_TESTABILITY = YES;
				GCC_C_LANGUAGE_STANDARD = gnu11;
				GCC_DYNAMIC_NO_PIC = NO;
				GCC_NO_COMMON_BLOCKS = YES;
				GCC_OPTIMIZATION_LEVEL = 0;
				GCC_PREPROCESSOR_DEFINITIONS = (
					"DEBUG=1",
					"$(inherited)",
				);
				GCC_WARN_64_TO_32_BIT_CONVERSION = YES;
				GCC_WARN_ABOUT_RETURN_TYPE = YES_ERROR;
				GCC_WARN_UNDECLARED_SELECTOR = YES;
				GCC_WARN_UNINITIALIZED_AUTOS = YES_AGGRESSIVE;
				GCC_WARN_UNUSED_FUNCTION = YES;
				GCC_WARN_UNUSED_VARIABLE = YES;
				IPHONEOS_DEPLOYMENT_TARGET = 16.0;
				MTL_ENABLE_DEBUG_INFO = INCLUDE_SOURCE;
				MTL_FAST_MATH = YES;
				ONLY_ACTIVE_ARCH = YES;
				SDKROOT = iphoneos;
				SWIFT_ACTIVE_COMPILATION_CONDITIONS = DEBUG;
				SWIFT_OPTIMIZATION_LEVEL = "-Onone";
			};
			name = Debug;
		};
		003F0AC828F3E83800855C0E /* Release */ = {
			isa = XCBuildConfiguration;
			buildSettings = {
				ALWAYS_SEARCH_USER_PATHS = NO;
				CLANG_ANALYZER_NONNULL = YES;
				CLANG_ANALYZER_NUMBER_OBJECT_CONVERSION = YES_AGGRESSIVE;
				CLANG_CXX_LANGUAGE_STANDARD = "gnu++20";
				CLANG_ENABLE_MODULES = YES;
				CLANG_ENABLE_OBJC_ARC = YES;
				CLANG_ENABLE_OBJC_WEAK = YES;
				CLANG_WARN_BLOCK_CAPTURE_AUTORELEASING = YES;
				CLANG_WARN_BOOL_CONVERSION = YES;
				CLANG_WARN_COMMA = YES;
				CLANG_WARN_CONSTANT_CONVERSION = YES;
				CLANG_WARN_DEPRECATED_OBJC_IMPLEMENTATIONS = YES;
				CLANG_WARN_DIRECT_OBJC_ISA_USAGE = YES_ERROR;
				CLANG_WARN_DOCUMENTATION_COMMENTS = YES;
				CLANG_WARN_EMPTY_BODY = YES;
				CLANG_WARN_ENUM_CONVERSION = YES;
				CLANG_WARN_INFINITE_RECURSION = YES;
				CLANG_WARN_INT_CONVERSION = YES;
				CLANG_WARN_NON_LITERAL_NULL_CONVERSION = YES;
				CLANG_WARN_OBJC_IMPLICIT_RETAIN_SELF = YES;
				CLANG_WARN_OBJC_LITERAL_CONVERSION = YES;
				CLANG_WARN_OBJC_ROOT_CLASS = YES_ERROR;
				CLANG_WARN_QUOTED_INCLUDE_IN_FRAMEWORK_HEADER = YES;
				CLANG_WARN_RANGE_LOOP_ANALYSIS = YES;
				CLANG_WARN_STRICT_PROTOTYPES = YES;
				CLANG_WARN_SUSPICIOUS_MOVE = YES;
				CLANG_WARN_UNGUARDED_AVAILABILITY = YES_AGGRESSIVE;
				CLANG_WARN_UNREACHABLE_CODE = YES;
				CLANG_WARN__DUPLICATE_METHOD_MATCH = YES;
				COPY_PHASE_STRIP = NO;
				DEBUG_INFORMATION_FORMAT = "dwarf-with-dsym";
				ENABLE_NS_ASSERTIONS = NO;
				ENABLE_STRICT_OBJC_MSGSEND = YES;
				GCC_C_LANGUAGE_STANDARD = gnu11;
				GCC_NO_COMMON_BLOCKS = YES;
				GCC_WARN_64_TO_32_BIT_CONVERSION = YES;
				GCC_WARN_ABOUT_RETURN_TYPE = YES_ERROR;
				GCC_WARN_UNDECLARED_SELECTOR = YES;
				GCC_WARN_UNINITIALIZED_AUTOS = YES_AGGRESSIVE;
				GCC_WARN_UNUSED_FUNCTION = YES;
				GCC_WARN_UNUSED_VARIABLE = YES;
				IPHONEOS_DEPLOYMENT_TARGET = 16.0;
				MTL_ENABLE_DEBUG_INFO = NO;
				MTL_FAST_MATH = YES;
				SDKROOT = iphoneos;
				SWIFT_COMPILATION_MODE = wholemodule;
				SWIFT_OPTIMIZATION_LEVEL = "-O";
				VALIDATE_PRODUCT = YES;
			};
			name = Release;
		};
		003F0ACA28F3E83800855C0E /* Debug */ = {
			isa = XCBuildConfiguration;
			baseConfigurationReference = 8E4A96730826FFBEDCB644BE /* Pods-Instagram.debug.xcconfig */;
			buildSettings = {
				ASSETCATALOG_COMPILER_APPICON_NAME = AppIcon;
				ASSETCATALOG_COMPILER_GLOBAL_ACCENT_COLOR_NAME = AccentColor;
				CODE_SIGN_STYLE = Automatic;
				CURRENT_PROJECT_VERSION = 1;
				DEVELOPMENT_TEAM = WA79WBB982;
				GENERATE_INFOPLIST_FILE = YES;
				INFOPLIST_FILE = Instagram/Info.plist;
				INFOPLIST_KEY_UIApplicationSupportsIndirectInputEvents = YES;
				INFOPLIST_KEY_UILaunchStoryboardName = LaunchScreen;
				INFOPLIST_KEY_UIMainStoryboardFile = Main;
				INFOPLIST_KEY_UISupportedInterfaceOrientations_iPad = "UIInterfaceOrientationPortrait UIInterfaceOrientationPortraitUpsideDown UIInterfaceOrientationLandscapeLeft UIInterfaceOrientationLandscapeRight";
				INFOPLIST_KEY_UISupportedInterfaceOrientations_iPhone = "UIInterfaceOrientationPortrait UIInterfaceOrientationLandscapeLeft UIInterfaceOrientationLandscapeRight";
				LD_RUNPATH_SEARCH_PATHS = (
					"$(inherited)",
					"@executable_path/Frameworks",
				);
				MARKETING_VERSION = 1.0;
				PRODUCT_BUNDLE_IDENTIFIER = memo.com.Instagram;
				PRODUCT_NAME = "$(TARGET_NAME)";
				SWIFT_EMIT_LOC_STRINGS = YES;
				SWIFT_VERSION = 5.0;
				TARGETED_DEVICE_FAMILY = "1,2";
			};
			name = Debug;
		};
		003F0ACB28F3E83800855C0E /* Release */ = {
			isa = XCBuildConfiguration;
			baseConfigurationReference = A173153377F91B3A5C431BDC /* Pods-Instagram.release.xcconfig */;
			buildSettings = {
				ASSETCATALOG_COMPILER_APPICON_NAME = AppIcon;
				ASSETCATALOG_COMPILER_GLOBAL_ACCENT_COLOR_NAME = AccentColor;
				CODE_SIGN_STYLE = Automatic;
				CURRENT_PROJECT_VERSION = 1;
				DEVELOPMENT_TEAM = WA79WBB982;
				GENERATE_INFOPLIST_FILE = YES;
				INFOPLIST_FILE = Instagram/Info.plist;
				INFOPLIST_KEY_UIApplicationSupportsIndirectInputEvents = YES;
				INFOPLIST_KEY_UILaunchStoryboardName = LaunchScreen;
				INFOPLIST_KEY_UIMainStoryboardFile = Main;
				INFOPLIST_KEY_UISupportedInterfaceOrientations_iPad = "UIInterfaceOrientationPortrait UIInterfaceOrientationPortraitUpsideDown UIInterfaceOrientationLandscapeLeft UIInterfaceOrientationLandscapeRight";
				INFOPLIST_KEY_UISupportedInterfaceOrientations_iPhone = "UIInterfaceOrientationPortrait UIInterfaceOrientationLandscapeLeft UIInterfaceOrientationLandscapeRight";
				LD_RUNPATH_SEARCH_PATHS = (
					"$(inherited)",
					"@executable_path/Frameworks",
				);
				MARKETING_VERSION = 1.0;
				PRODUCT_BUNDLE_IDENTIFIER = memo.com.Instagram;
				PRODUCT_NAME = "$(TARGET_NAME)";
				SWIFT_EMIT_LOC_STRINGS = YES;
				SWIFT_VERSION = 5.0;
				TARGETED_DEVICE_FAMILY = "1,2";
			};
			name = Release;
		};
		003F0ACD28F3E83800855C0E /* Debug */ = {
			isa = XCBuildConfiguration;
			baseConfigurationReference = 53EB4B52264B312598F479AC /* Pods-InstagramTests.debug.xcconfig */;
			buildSettings = {
				ALWAYS_EMBED_SWIFT_STANDARD_LIBRARIES = YES;
				BUNDLE_LOADER = "$(TEST_HOST)";
				CODE_SIGN_STYLE = Automatic;
				CURRENT_PROJECT_VERSION = 1;
				DEVELOPMENT_TEAM = WA79WBB982;
				GENERATE_INFOPLIST_FILE = YES;
				IPHONEOS_DEPLOYMENT_TARGET = 16.0;
				MARKETING_VERSION = 1.0;
				PRODUCT_BUNDLE_IDENTIFIER = memo.com.InstagramTests;
				PRODUCT_NAME = "$(TARGET_NAME)";
				SWIFT_EMIT_LOC_STRINGS = NO;
				SWIFT_VERSION = 5.0;
				TARGETED_DEVICE_FAMILY = "1,2";
				TEST_HOST = "$(BUILT_PRODUCTS_DIR)/Instagram.app/$(BUNDLE_EXECUTABLE_FOLDER_PATH)/Instagram";
			};
			name = Debug;
		};
		003F0ACE28F3E83800855C0E /* Release */ = {
			isa = XCBuildConfiguration;
			baseConfigurationReference = D96E5CD515C27A3502D5B996 /* Pods-InstagramTests.release.xcconfig */;
			buildSettings = {
				ALWAYS_EMBED_SWIFT_STANDARD_LIBRARIES = YES;
				BUNDLE_LOADER = "$(TEST_HOST)";
				CODE_SIGN_STYLE = Automatic;
				CURRENT_PROJECT_VERSION = 1;
				DEVELOPMENT_TEAM = WA79WBB982;
				GENERATE_INFOPLIST_FILE = YES;
				IPHONEOS_DEPLOYMENT_TARGET = 16.0;
				MARKETING_VERSION = 1.0;
				PRODUCT_BUNDLE_IDENTIFIER = memo.com.InstagramTests;
				PRODUCT_NAME = "$(TARGET_NAME)";
				SWIFT_EMIT_LOC_STRINGS = NO;
				SWIFT_VERSION = 5.0;
				TARGETED_DEVICE_FAMILY = "1,2";
				TEST_HOST = "$(BUILT_PRODUCTS_DIR)/Instagram.app/$(BUNDLE_EXECUTABLE_FOLDER_PATH)/Instagram";
			};
			name = Release;
		};
		003F0AD028F3E83800855C0E /* Debug */ = {
			isa = XCBuildConfiguration;
			baseConfigurationReference = 6B0A4D0654E8229D2609E997 /* Pods-Instagram-InstagramUITests.debug.xcconfig */;
			buildSettings = {
				ALWAYS_EMBED_SWIFT_STANDARD_LIBRARIES = YES;
				CODE_SIGN_STYLE = Automatic;
				CURRENT_PROJECT_VERSION = 1;
				DEVELOPMENT_TEAM = WA79WBB982;
				GENERATE_INFOPLIST_FILE = YES;
				MARKETING_VERSION = 1.0;
				PRODUCT_BUNDLE_IDENTIFIER = memo.com.InstagramUITests;
				PRODUCT_NAME = "$(TARGET_NAME)";
				SWIFT_EMIT_LOC_STRINGS = NO;
				SWIFT_VERSION = 5.0;
				TARGETED_DEVICE_FAMILY = "1,2";
				TEST_TARGET_NAME = Instagram;
			};
			name = Debug;
		};
		003F0AD128F3E83800855C0E /* Release */ = {
			isa = XCBuildConfiguration;
			baseConfigurationReference = 7B53D64A87336C39E7F1317F /* Pods-Instagram-InstagramUITests.release.xcconfig */;
			buildSettings = {
				ALWAYS_EMBED_SWIFT_STANDARD_LIBRARIES = YES;
				CODE_SIGN_STYLE = Automatic;
				CURRENT_PROJECT_VERSION = 1;
				DEVELOPMENT_TEAM = WA79WBB982;
				GENERATE_INFOPLIST_FILE = YES;
				MARKETING_VERSION = 1.0;
				PRODUCT_BUNDLE_IDENTIFIER = memo.com.InstagramUITests;
				PRODUCT_NAME = "$(TARGET_NAME)";
				SWIFT_EMIT_LOC_STRINGS = NO;
				SWIFT_VERSION = 5.0;
				TARGETED_DEVICE_FAMILY = "1,2";
				TEST_TARGET_NAME = Instagram;
			};
			name = Release;
		};
/* End XCBuildConfiguration section */

/* Begin XCConfigurationList section */
		003F0A9728F3E83700855C0E /* Build configuration list for PBXProject "Instagram" */ = {
			isa = XCConfigurationList;
			buildConfigurations = (
				003F0AC728F3E83800855C0E /* Debug */,
				003F0AC828F3E83800855C0E /* Release */,
			);
			defaultConfigurationIsVisible = 0;
			defaultConfigurationName = Release;
		};
		003F0AC928F3E83800855C0E /* Build configuration list for PBXNativeTarget "Instagram" */ = {
			isa = XCConfigurationList;
			buildConfigurations = (
				003F0ACA28F3E83800855C0E /* Debug */,
				003F0ACB28F3E83800855C0E /* Release */,
			);
			defaultConfigurationIsVisible = 0;
			defaultConfigurationName = Release;
		};
		003F0ACC28F3E83800855C0E /* Build configuration list for PBXNativeTarget "InstagramTests" */ = {
			isa = XCConfigurationList;
			buildConfigurations = (
				003F0ACD28F3E83800855C0E /* Debug */,
				003F0ACE28F3E83800855C0E /* Release */,
			);
			defaultConfigurationIsVisible = 0;
			defaultConfigurationName = Release;
		};
		003F0ACF28F3E83800855C0E /* Build configuration list for PBXNativeTarget "InstagramUITests" */ = {
			isa = XCConfigurationList;
			buildConfigurations = (
				003F0AD028F3E83800855C0E /* Debug */,
				003F0AD128F3E83800855C0E /* Release */,
			);
			defaultConfigurationIsVisible = 0;
			defaultConfigurationName = Release;
		};
/* End XCConfigurationList section */

/* Begin XCRemoteSwiftPackageReference section */
		003F0AD228F3EB4A00855C0E /* XCRemoteSwiftPackageReference "Parse-Swift" */ = {
			isa = XCRemoteSwiftPackageReference;
			repositoryURL = "https://github.com/parse-community/Parse-Swift";
			requirement = {
				kind = upToNextMajorVersion;
				minimumVersion = 4.0.0;
			};
		};
/* End XCRemoteSwiftPackageReference section */

/* Begin XCSwiftPackageProductDependency section */
		003F0AD328F3EB4A00855C0E /* ParseSwift */ = {
			isa = XCSwiftPackageProductDependency;
			package = 003F0AD228F3EB4A00855C0E /* XCRemoteSwiftPackageReference "Parse-Swift" */;
			productName = ParseSwift;
		};
/* End XCSwiftPackageProductDependency section */

/* Begin XCVersionGroup section */
		003F0AA828F3E83700855C0E /* Instagram.xcdatamodeld */ = {
			isa = XCVersionGroup;
			children = (
				003F0AA928F3E83700855C0E /* Instagram.xcdatamodel */,
			);
			currentVersion = 003F0AA928F3E83700855C0E /* Instagram.xcdatamodel */;
			path = Instagram.xcdatamodeld;
			sourceTree = "<group>";
			versionGroupType = wrapper.xcdatamodel;
		};
/* End XCVersionGroup section */
	};
	rootObject = 003F0A9428F3E83700855C0E /* Project object */;
}
